
Microsoft Visual Studio Solution File, Format Version 12.00
Project("{FAE04EC0-301F-11D3-BF4B-00C04F79EFBC}") = "SOLID", "SOLID\SOLID.csproj", "{628AD58E-1233-4AC2-BDF9-FD61B7845F2E}"
EndProject
Global
	GlobalSection(SolutionConfigurationPlatforms) = preSolution
		Debug|Any CPU = Debug|Any CPU
		Release|Any CPU = Release|Any CPU
	EndGlobalSection
	GlobalSection(ProjectConfigurationPlatforms) = postSolution
		{628AD58E-1233-4AC2-BDF9-FD61B7845F2E}.Debug|Any CPU.ActiveCfg = Debug|Any CPU
		{628AD58E-1233-4AC2-BDF9-FD61B7845F2E}.Debug|Any CPU.Build.0 = Debug|Any CPU
		{628AD58E-1233-4AC2-BDF9-FD61B7845F2E}.Release|Any CPU.ActiveCfg = Release|Any CPU
		{628AD58E-1233-4AC2-BDF9-FD61B7845F2E}.Release|Any CPU.Build.0 = Release|Any CPU
	EndGlobalSection
EndGlobal
